// !$*UTF8*$!
{
	archiveVersion = 1;
	classes = {
	};
	objectVersion = 56;
	objects = {

/* Begin PBXBuildFile section */
		58FE9A722D537B8A003D8EBA /* Kelimeyi_BulApp.swift in Sources */ = {isa = PBXBuildFile; fileRef = 58FE9A712D537B8A003D8EBA /* Kelimeyi_BulApp.swift */; };
		58FE9A742D537B8A003D8EBA /* ContentView.swift in Sources */ = {isa = PBXBuildFile; fileRef = 58FE9A732D537B8A003D8EBA /* ContentView.swift */; };
		58FE9A762D537B8A003D8EBA /* Assets.xcassets in Resources */ = {isa = PBXBuildFile; fileRef = 58FE9A752D537B8A003D8EBA /* Assets.xcassets */; };
		58FE9A792D537B8A003D8EBA /* Preview Assets.xcassets in Resources */ = {isa = PBXBuildFile; fileRef = 58FE9A782D537B8A003D8EBA /* Preview Assets.xcassets */; };
		58FE9A832D537B8A003D8EBA /* Kelimeyi_BulTests.swift in Sources */ = {isa = PBXBuildFile; fileRef = 58FE9A822D537B8A003D8EBA /* Kelimeyi_BulTests.swift */; };
		58FE9A8D2D537B8A003D8EBA /* Kelimeyi_BulUITests.swift in Sources */ = {isa = PBXBuildFile; fileRef = 58FE9A8C2D537B8A003D8EBA /* Kelimeyi_BulUITests.swift */; };
		58FE9A8F2D537B8A003D8EBA /* Kelimeyi_BulUITestsLaunchTests.swift in Sources */ = {isa = PBXBuildFile; fileRef = 58FE9A8E2D537B8A003D8EBA /* Kelimeyi_BulUITestsLaunchTests.swift */; };
/* End PBXBuildFile section */

/* Begin PBXContainerItemProxy section */
		58FE9A7F2D537B8A003D8EBA /* PBXContainerItemProxy */ = {
			isa = PBXContainerItemProxy;
			containerPortal = 58FE9A662D537B8A003D8EBA /* Project object */;
			proxyType = 1;
			remoteGlobalIDString = 58FE9A6D2D537B8A003D8EBA;
			remoteInfo = "Kelimeyi Bul";
		};
		58FE9A892D537B8A003D8EBA /* PBXContainerItemProxy */ = {
			isa = PBXContainerItemProxy;
			containerPortal = 58FE9A662D537B8A003D8EBA /* Project object */;
			proxyType = 1;
			remoteGlobalIDString = 58FE9A6D2D537B8A003D8EBA;
			remoteInfo = "Kelimeyi Bul";
		};
/* End PBXContainerItemProxy section */

/* Begin PBXFileReference section */
		58FE9A6E2D537B8A003D8EBA /* Kelimeyi Bul.app */ = {isa = PBXFileReference; explicitFileType = wrapper.application; includeInIndex = 0; path = "Kelimeyi Bul.app"; sourceTree = BUILT_PRODUCTS_DIR; };
		58FE9A712D537B8A003D8EBA /* Kelimeyi_BulApp.swift */ = {isa = PBXFileReference; lastKnownFileType = sourcecode.swift; path = Kelimeyi_BulApp.swift; sourceTree = "<group>"; };
		58FE9A732D537B8A003D8EBA /* ContentView.swift */ = {isa = PBXFileReference; lastKnownFileType = sourcecode.swift; path = ContentView.swift; sourceTree = "<group>"; };
		58FE9A752D537B8A003D8EBA /* Assets.xcassets */ = {isa = PBXFileReference; lastKnownFileType = folder.assetcatalog; path = Assets.xcassets; sourceTree = "<group>"; };
		58FE9A782D537B8A003D8EBA /* Preview Assets.xcassets */ = {isa = PBXFileReference; lastKnownFileType = folder.assetcatalog; path = "Preview Assets.xcassets"; sourceTree = "<group>"; };
		58FE9A7E2D537B8A003D8EBA /* Kelimeyi BulTests.xctest */ = {isa = PBXFileReference; explicitFileType = wrapper.cfbundle; includeInIndex = 0; path = "Kelimeyi BulTests.xctest"; sourceTree = BUILT_PRODUCTS_DIR; };
		58FE9A822D537B8A003D8EBA /* Kelimeyi_BulTests.swift */ = {isa = PBXFileReference; lastKnownFileType = sourcecode.swift; path = Kelimeyi_BulTests.swift; sourceTree = "<group>"; };
		58FE9A882D537B8A003D8EBA /* Kelimeyi BulUITests.xctest */ = {isa = PBXFileReference; explicitFileType = wrapper.cfbundle; includeInIndex = 0; path = "Kelimeyi BulUITests.xctest"; sourceTree = BUILT_PRODUCTS_DIR; };
		58FE9A8C2D537B8A003D8EBA /* Kelimeyi_BulUITests.swift */ = {isa = PBXFileReference; lastKnownFileType = sourcecode.swift; path = Kelimeyi_BulUITests.swift; sourceTree = "<group>"; };
		58FE9A8E2D537B8A003D8EBA /* Kelimeyi_BulUITestsLaunchTests.swift */ = {isa = PBXFileReference; lastKnownFileType = sourcecode.swift; path = Kelimeyi_BulUITestsLaunchTests.swift; sourceTree = "<group>"; };
/* End PBXFileReference section */

/* Begin PBXFrameworksBuildPhase section */
		58FE9A6B2D537B8A003D8EBA /* Frameworks */ = {
			isa = PBXFrameworksBuildPhase;
			buildActionMask = 2147483647;
			files = (
			);
			runOnlyForDeploymentPostprocessing = 0;
		};
		58FE9A7B2D537B8A003D8EBA /* Frameworks */ = {
			isa = PBXFrameworksBuildPhase;
			buildActionMask = 2147483647;
			files = (
			);
			runOnlyForDeploymentPostprocessing = 0;
		};
		58FE9A852D537B8A003D8EBA /* Frameworks */ = {
			isa = PBXFrameworksBuildPhase;
			buildActionMask = 2147483647;
			files = (
			);
			runOnlyForDeploymentPostprocessing = 0;
		};
/* End PBXFrameworksBuildPhase section */

/* Begin PBXGroup section */
		58FE9A652D537B8A003D8EBA = {
			isa = PBXGroup;
			children = (
				58FE9A702D537B8A003D8EBA /* Kelimeyi Bul */,
				58FE9A812D537B8A003D8EBA /* Kelimeyi BulTests */,
				58FE9A8B2D537B8A003D8EBA /* Kelimeyi BulUITests */,
				58FE9A6F2D537B8A003D8EBA /* Products */,
			);
			sourceTree = "<group>";
		};
		58FE9A6F2D537B8A003D8EBA /* Products */ = {
			isa = PBXGroup;
			children = (
				58FE9A6E2D537B8A003D8EBA /* Kelimeyi Bul.app */,
				58FE9A7E2D537B8A003D8EBA /* Kelimeyi BulTests.xctest */,
				58FE9A882D537B8A003D8EBA /* Kelimeyi BulUITests.xctest */,
			);
			name = Products;
			sourceTree = "<group>";
		};
		58FE9A702D537B8A003D8EBA /* Kelimeyi Bul */ = {
			isa = PBXGroup;
			children = (
				58FE9A712D537B8A003D8EBA /* Kelimeyi_BulApp.swift */,
				58FE9A732D537B8A003D8EBA /* ContentView.swift */,
				58FE9A752D537B8A003D8EBA /* Assets.xcassets */,
				58FE9A772D537B8A003D8EBA /* Preview Content */,
			);
			path = "Kelimeyi Bul";
			sourceTree = "<group>";
		};
		58FE9A772D537B8A003D8EBA /* Preview Content */ = {
			isa = PBXGroup;
			children = (
				58FE9A782D537B8A003D8EBA /* Preview Assets.xcassets */,
			);
			path = "Preview Content";
			sourceTree = "<group>";
		};
		58FE9A812D537B8A003D8EBA /* Kelimeyi BulTests */ = {
			isa = PBXGroup;
			children = (
				58FE9A822D537B8A003D8EBA /* Kelimeyi_BulTests.swift */,
			);
			path = "Kelimeyi BulTests";
			sourceTree = "<group>";
		};
		58FE9A8B2D537B8A003D8EBA /* Kelimeyi BulUITests */ = {
			isa = PBXGroup;
			children = (
				58FE9A8C2D537B8A003D8EBA /* Kelimeyi_BulUITests.swift */,
				58FE9A8E2D537B8A003D8EBA /* Kelimeyi_BulUITestsLaunchTests.swift */,
			);
			path = "Kelimeyi BulUITests";
			sourceTree = "<group>";
		};
/* End PBXGroup section */

/* Begin PBXNativeTarget section */
		58FE9A6D2D537B8A003D8EBA /* Kelimeyi Bul */ = {
			isa = PBXNativeTarget;
			buildConfigurationList = 58FE9A922D537B8A003D8EBA /* Build configuration list for PBXNativeTarget "Kelimeyi Bul" */;
			buildPhases = (
				58FE9A6A2D537B8A003D8EBA /* Sources */,
				58FE9A6B2D537B8A003D8EBA /* Frameworks */,
				58FE9A6C2D537B8A003D8EBA /* Resources */,
			);
			buildRules = (
			);
			dependencies = (
			);
			name = "Kelimeyi Bul";
			productName = "Kelimeyi Bul";
			productReference = 58FE9A6E2D537B8A003D8EBA /* Kelimeyi Bul.app */;
			productType = "com.apple.product-type.application";
		};
		58FE9A7D2D537B8A003D8EBA /* Kelimeyi BulTests */ = {
			isa = PBXNativeTarget;
			buildConfigurationList = 58FE9A952D537B8A003D8EBA /* Build configuration list for PBXNativeTarget "Kelimeyi BulTests" */;
			buildPhases = (
				58FE9A7A2D537B8A003D8EBA /* Sources */,
				58FE9A7B2D537B8A003D8EBA /* Frameworks */,
				58FE9A7C2D537B8A003D8EBA /* Resources */,
			);
			buildRules = (
			);
			dependencies = (
				58FE9A802D537B8A003D8EBA /* PBXTargetDependency */,
			);
			name = "Kelimeyi BulTests";
			productName = "Kelimeyi BulTests";
			productReference = 58FE9A7E2D537B8A003D8EBA /* Kelimeyi BulTests.xctest */;
			productType = "com.apple.product-type.bundle.unit-test";
		};
		58FE9A872D537B8A003D8EBA /* Kelimeyi BulUITests */ = {
			isa = PBXNativeTarget;
			buildConfigurationList = 58FE9A982D537B8A003D8EBA /* Build configuration list for PBXNativeTarget "Kelimeyi BulUITests" */;
			buildPhases = (
				58FE9A842D537B8A003D8EBA /* Sources */,
				58FE9A852D537B8A003D8EBA /* Frameworks */,
				58FE9A862D537B8A003D8EBA /* Resources */,
			);
			buildRules = (
			);
			dependencies = (
				58FE9A8A2D537B8A003D8EBA /* PBXTargetDependency */,
			);
			name = "Kelimeyi BulUITests";
			productName = "Kelimeyi BulUITests";
			productReference = 58FE9A882D537B8A003D8EBA /* Kelimeyi BulUITests.xctest */;
			productType = "com.apple.product-type.bundle.ui-testing";
		};
/* End PBXNativeTarget section */

/* Begin PBXProject section */
		58FE9A662D537B8A003D8EBA /* Project object */ = {
			isa = PBXProject;
			attributes = {
				BuildIndependentTargetsInParallel = 1;
				LastSwiftUpdateCheck = 1400;
				LastUpgradeCheck = 1400;
				TargetAttributes = {
					58FE9A6D2D537B8A003D8EBA = {
						CreatedOnToolsVersion = 14.0.1;
					};
					58FE9A7D2D537B8A003D8EBA = {
						CreatedOnToolsVersion = 14.0.1;
						TestTargetID = 58FE9A6D2D537B8A003D8EBA;
					};
					58FE9A872D537B8A003D8EBA = {
						CreatedOnToolsVersion = 14.0.1;
						TestTargetID = 58FE9A6D2D537B8A003D8EBA;
					};
				};
			};
			buildConfigurationList = 58FE9A692D537B8A003D8EBA /* Build configuration list for PBXProject "Kelimeyi Bul" */;
			compatibilityVersion = "Xcode 14.0";
			developmentRegion = en;
			hasScannedForEncodings = 0;
			knownRegions = (
				en,
				Base,
			);
			mainGroup = 58FE9A652D537B8A003D8EBA;
			productRefGroup = 58FE9A6F2D537B8A003D8EBA /* Products */;
			projectDirPath = "";
			projectRoot = "";
			targets = (
				58FE9A6D2D537B8A003D8EBA /* Kelimeyi Bul */,
				58FE9A7D2D537B8A003D8EBA /* Kelimeyi BulTests */,
				58FE9A872D537B8A003D8EBA /* Kelimeyi BulUITests */,
			);
		};
/* End PBXProject section */

/* Begin PBXResourcesBuildPhase section */
		58FE9A6C2D537B8A003D8EBA /* Resources */ = {
			isa = PBXResourcesBuildPhase;
			buildActionMask = 2147483647;
			files = (
				58FE9A792D537B8A003D8EBA /* Preview Assets.xcassets in Resources */,
				58FE9A762D537B8A003D8EBA /* Assets.xcassets in Resources */,
			);
			runOnlyForDeploymentPostprocessing = 0;
		};
		58FE9A7C2D537B8A003D8EBA /* Resources */ = {
			isa = PBXResourcesBuildPhase;
			buildActionMask = 2147483647;
			files = (
			);
			runOnlyForDeploymentPostprocessing = 0;
		};
		58FE9A862D537B8A003D8EBA /* Resources */ = {
			isa = PBXResourcesBuildPhase;
			buildActionMask = 2147483647;
			files = (
			);
			runOnlyForDeploymentPostprocessing = 0;
		};
/* End PBXResourcesBuildPhase section */

/* Begin PBXSourcesBuildPhase section */
		58FE9A6A2D537B8A003D8EBA /* Sources */ = {
			isa = PBXSourcesBuildPhase;
			buildActionMask = 2147483647;
			files = (
				58FE9A742D537B8A003D8EBA /* ContentView.swift in Sources */,
				58FE9A722D537B8A003D8EBA /* Kelimeyi_BulApp.swift in Sources */,
			);
			runOnlyForDeploymentPostprocessing = 0;
		};
		58FE9A7A2D537B8A003D8EBA /* Sources */ = {
			isa = PBXSourcesBuildPhase;
			buildActionMask = 2147483647;
			files = (
				58FE9A832D537B8A003D8EBA /* Kelimeyi_BulTests.swift in Sources */,
			);
			runOnlyForDeploymentPostprocessing = 0;
		};
		58FE9A842D537B8A003D8EBA /* Sources */ = {
			isa = PBXSourcesBuildPhase;
			buildActionMask = 2147483647;
			files = (
				58FE9A8D2D537B8A003D8EBA /* Kelimeyi_BulUITests.swift in Sources */,
				58FE9A8F2D537B8A003D8EBA /* Kelimeyi_BulUITestsLaunchTests.swift in Sources */,
			);
			runOnlyForDeploymentPostprocessing = 0;
		};
/* End PBXSourcesBuildPhase section */

/* Begin PBXTargetDependency section */
		58FE9A802D537B8A003D8EBA /* PBXTargetDependency */ = {
			isa = PBXTargetDependency;
			target = 58FE9A6D2D537B8A003D8EBA /* Kelimeyi Bul */;
			targetProxy = 58FE9A7F2D537B8A003D8EBA /* PBXContainerItemProxy */;
		};
		58FE9A8A2D537B8A003D8EBA /* PBXTargetDependency */ = {
			isa = PBXTargetDependency;
			target = 58FE9A6D2D537B8A003D8EBA /* Kelimeyi Bul */;
			targetProxy = 58FE9A892D537B8A003D8EBA /* PBXContainerItemProxy */;
		};
/* End PBXTargetDependency section */

/* Begin XCBuildConfiguration section */
		58FE9A902D537B8A003D8EBA /* Debug */ = {
			isa = XCBuildConfiguration;
			buildSettings = {
				ALWAYS_SEARCH_USER_PATHS = NO;
				CLANG_ANALYZER_NONNULL = YES;
				CLANG_ANALYZER_NUMBER_OBJECT_CONVERSION = YES_AGGRESSIVE;
				CLANG_CXX_LANGUAGE_STANDARD = "gnu++20";
				CLANG_ENABLE_MODULES = YES;
				CLANG_ENABLE_OBJC_ARC = YES;
				CLANG_ENABLE_OBJC_WEAK = YES;
				CLANG_WARN_BLOCK_CAPTURE_AUTORELEASING = YES;
				CLANG_WARN_BOOL_CONVERSION = YES;
				CLANG_WARN_COMMA = YES;
				CLANG_WARN_CONSTANT_CONVERSION = YES;
				CLANG_WARN_DEPRECATED_OBJC_IMPLEMENTATIONS = YES;
				CLANG_WARN_DIRECT_OBJC_ISA_USAGE = YES_ERROR;
				CLANG_WARN_DOCUMENTATION_COMMENTS = YES;
				CLANG_WARN_EMPTY_BODY = YES;
				CLANG_WARN_ENUM_CONVERSION = YES;
				CLANG_WARN_INFINITE_RECURSION = YES;
				CLANG_WARN_INT_CONVERSION = YES;
				CLANG_WARN_NON_LITERAL_NULL_CONVERSION = YES;
				CLANG_WARN_OBJC_IMPLICIT_RETAIN_SELF = YES;
				CLANG_WARN_OBJC_LITERAL_CONVERSION = YES;
				CLANG_WARN_OBJC_ROOT_CLASS = YES_ERROR;
				CLANG_WARN_QUOTED_INCLUDE_IN_FRAMEWORK_HEADER = YES;
				CLANG_WARN_RANGE_LOOP_ANALYSIS = YES;
				CLANG_WARN_STRICT_PROTOTYPES = YES;
				CLANG_WARN_SUSPICIOUS_MOVE = YES;
				CLANG_WARN_UNGUARDED_AVAILABILITY = YES_AGGRESSIVE;
				CLANG_WARN_UNREACHABLE_CODE = YES;
				CLANG_WARN__DUPLICATE_METHOD_MATCH = YES;
				COPY_PHASE_STRIP = NO;
				DEBUG_INFORMATION_FORMAT = dwarf;
				ENABLE_STRICT_OBJC_MSGSEND = YES;
				ENABLE_TESTABILITY = YES;
				GCC_C_LANGUAGE_STANDARD = gnu11;
				GCC_DYNAMIC_NO_PIC = NO;
				GCC_NO_COMMON_BLOCKS = YES;
				GCC_OPTIMIZATION_LEVEL = 0;
				GCC_PREPROCESSOR_DEFINITIONS = (
					"DEBUG=1",
					"$(inherited)",
				);
				GCC_WARN_64_TO_32_BIT_CONVERSION = YES;
				GCC_WARN_ABOUT_RETURN_TYPE = YES_ERROR;
				GCC_WARN_UNDECLARED_SELECTOR = YES;
				GCC_WARN_UNINITIALIZED_AUTOS = YES_AGGRESSIVE;
				GCC_WARN_UNUSED_FUNCTION = YES;
				GCC_WARN_UNUSED_VARIABLE = YES;
				IPHONEOS_DEPLOYMENT_TARGET = 16.0;
				MTL_ENABLE_DEBUG_INFO = INCLUDE_SOURCE;
				MTL_FAST_MATH = YES;
				ONLY_ACTIVE_ARCH = YES;
				SDKROOT = iphoneos;
				SWIFT_ACTIVE_COMPILATION_CONDITIONS = DEBUG;
				SWIFT_OPTIMIZATION_LEVEL = "-Onone";
			};
			name = Debug;
		};
		58FE9A912D537B8A003D8EBA /* Release */ = {
			isa = XCBuildConfiguration;
			buildSettings = {
				ALWAYS_SEARCH_USER_PATHS = NO;
				CLANG_ANALYZER_NONNULL = YES;
				CLANG_ANALYZER_NUMBER_OBJECT_CONVERSION = YES_AGGRESSIVE;
				CLANG_CXX_LANGUAGE_STANDARD = "gnu++20";
				CLANG_ENABLE_MODULES = YES;
				CLANG_ENABLE_OBJC_ARC = YES;
				CLANG_ENABLE_OBJC_WEAK = YES;
				CLANG_WARN_BLOCK_CAPTURE_AUTORELEASING = YES;
				CLANG_WARN_BOOL_CONVERSION = YES;
				CLANG_WARN_COMMA = YES;
				CLANG_WARN_CONSTANT_CONVERSION = YES;
				CLANG_WARN_DEPRECATED_OBJC_IMPLEMENTATIONS = YES;
				CLANG_WARN_DIRECT_OBJC_ISA_USAGE = YES_ERROR;
				CLANG_WARN_DOCUMENTATION_COMMENTS = YES;
				CLANG_WARN_EMPTY_BODY = YES;
				CLANG_WARN_ENUM_CONVERSION = YES;
				CLANG_WARN_INFINITE_RECURSION = YES;
				CLANG_WARN_INT_CONVERSION = YES;
				CLANG_WARN_NON_LITERAL_NULL_CONVERSION = YES;
				CLANG_WARN_OBJC_IMPLICIT_RETAIN_SELF = YES;
				CLANG_WARN_OBJC_LITERAL_CONVERSION = YES;
				CLANG_WARN_OBJC_ROOT_CLASS = YES_ERROR;
				CLANG_WARN_QUOTED_INCLUDE_IN_FRAMEWORK_HEADER = YES;
				CLANG_WARN_RANGE_LOOP_ANALYSIS = YES;
				CLANG_WARN_STRICT_PROTOTYPES = YES;
				CLANG_WARN_SUSPICIOUS_MOVE = YES;
				CLANG_WARN_UNGUARDED_AVAILABILITY = YES_AGGRESSIVE;
				CLANG_WARN_UNREACHABLE_CODE = YES;
				CLANG_WARN__DUPLICATE_METHOD_MATCH = YES;
				COPY_PHASE_STRIP = NO;
				DEBUG_INFORMATION_FORMAT = "dwarf-with-dsym";
				ENABLE_NS_ASSERTIONS = NO;
				ENABLE_STRICT_OBJC_MSGSEND = YES;
				GCC_C_LANGUAGE_STANDARD = gnu11;
				GCC_NO_COMMON_BLOCKS = YES;
				GCC_WARN_64_TO_32_BIT_CONVERSION = YES;
				GCC_WARN_ABOUT_RETURN_TYPE = YES_ERROR;
				GCC_WARN_UNDECLARED_SELECTOR = YES;
				GCC_WARN_UNINITIALIZED_AUTOS = YES_AGGRESSIVE;
				GCC_WARN_UNUSED_FUNCTION = YES;
				GCC_WARN_UNUSED_VARIABLE = YES;
				IPHONEOS_DEPLOYMENT_TARGET = 16.0;
				MTL_ENABLE_DEBUG_INFO = NO;
				MTL_FAST_MATH = YES;
				SDKROOT = iphoneos;
				SWIFT_COMPILATION_MODE = wholemodule;
				SWIFT_OPTIMIZATION_LEVEL = "-O";
				VALIDATE_PRODUCT = YES;
			};
			name = Release;
		};
		58FE9A932D537B8A003D8EBA /* Debug */ = {
			isa = XCBuildConfiguration;
			buildSettings = {
				ASSETCATALOG_COMPILER_APPICON_NAME = AppIcon;
				ASSETCATALOG_COMPILER_GLOBAL_ACCENT_COLOR_NAME = AccentColor;
				CODE_SIGN_STYLE = Automatic;
				CURRENT_PROJECT_VERSION = 1;
				DEVELOPMENT_ASSET_PATHS = "\"Kelimeyi Bul/Preview Content\"";
				ENABLE_PREVIEWS = YES;
				GENERATE_INFOPLIST_FILE = YES;
				INFOPLIST_KEY_UIApplicationSceneManifest_Generation = YES;
				INFOPLIST_KEY_UIApplicationSupportsIndirectInputEvents = YES;
				INFOPLIST_KEY_UILaunchScreen_Generation = YES;
				INFOPLIST_KEY_UISupportedInterfaceOrientations_iPad = "UIInterfaceOrientationPortrait UIInterfaceOrientationPortraitUpsideDown UIInterfaceOrientationLandscapeLeft UIInterfaceOrientationLandscapeRight";
				INFOPLIST_KEY_UISupportedInterfaceOrientations_iPhone = "UIInterfaceOrientationPortrait UIInterfaceOrientationLandscapeLeft UIInterfaceOrientationLandscapeRight";
				LD_RUNPATH_SEARCH_PATHS = (
					"$(inherited)",
					"@executable_path/Frameworks",
				);
				MARKETING_VERSION = 1.0;
				PRODUCT_BUNDLE_IDENTIFIER = "com..swift101.Kelimeyi-Bul";
				PRODUCT_NAME = "$(TARGET_NAME)";
				SWIFT_EMIT_LOC_STRINGS = YES;
				SWIFT_VERSION = 5.0;
				TARGETED_DEVICE_FAMILY = "1,2";
			};
			name = Debug;
		};
		58FE9A942D537B8A003D8EBA /* Release */ = {
			isa = XCBuildConfiguration;
			buildSettings = {
				ASSETCATALOG_COMPILER_APPICON_NAME = AppIcon;
				ASSETCATALOG_COMPILER_GLOBAL_ACCENT_COLOR_NAME = AccentColor;
				CODE_SIGN_STYLE = Automatic;
				CURRENT_PROJECT_VERSION = 1;
				DEVELOPMENT_ASSET_PATHS = "\"Kelimeyi Bul/Preview Content\"";
				ENABLE_PREVIEWS = YES;
				GENERATE_INFOPLIST_FILE = YES;
				INFOPLIST_KEY_UIApplicationSceneManifest_Generation = YES;
				INFOPLIST_KEY_UIApplicationSupportsIndirectInputEvents = YES;
				INFOPLIST_KEY_UILaunchScreen_Generation = YES;
				INFOPLIST_KEY_UISupportedInterfaceOrientations_iPad = "UIInterfaceOrientationPortrait UIInterfaceOrientationPortraitUpsideDown UIInterfaceOrientationLandscapeLeft UIInterfaceOrientationLandscapeRight";
				INFOPLIST_KEY_UISupportedInterfaceOrientations_iPhone = "UIInterfaceOrientationPortrait UIInterfaceOrientationLandscapeLeft UIInterfaceOrientationLandscapeRight";
				LD_RUNPATH_SEARCH_PATHS = (
					"$(inherited)",
					"@executable_path/Frameworks",
				);
				MARKETING_VERSION = 1.0;
				PRODUCT_BUNDLE_IDENTIFIER = "com..swift101.Kelimeyi-Bul";
				PRODUCT_NAME = "$(TARGET_NAME)";
				SWIFT_EMIT_LOC_STRINGS = YES;
				SWIFT_VERSION = 5.0;
				TARGETED_DEVICE_FAMILY = "1,2";
			};
			name = Release;
		};
		58FE9A962D537B8A003D8EBA /* Debug */ = {
			isa = XCBuildConfiguration;
			buildSettings = {
				ALWAYS_EMBED_SWIFT_STANDARD_LIBRARIES = YES;
				BUNDLE_LOADER = "$(TEST_HOST)";
				CODE_SIGN_STYLE = Automatic;
				CURRENT_PROJECT_VERSION = 1;
				GENERATE_INFOPLIST_FILE = YES;
				IPHONEOS_DEPLOYMENT_TARGET = 16.0;
				MARKETING_VERSION = 1.0;
				PRODUCT_BUNDLE_IDENTIFIER = "com..swift101.Kelimeyi-BulTests";
				PRODUCT_NAME = "$(TARGET_NAME)";
				SWIFT_EMIT_LOC_STRINGS = NO;
				SWIFT_VERSION = 5.0;
				TARGETED_DEVICE_FAMILY = "1,2";
				TEST_HOST = "$(BUILT_PRODUCTS_DIR)/Kelimeyi Bul.app/$(BUNDLE_EXECUTABLE_FOLDER_PATH)/Kelimeyi Bul";
			};
			name = Debug;
		};
		58FE9A972D537B8A003D8EBA /* Release */ = {
			isa = XCBuildConfiguration;
			buildSettings = {
				ALWAYS_EMBED_SWIFT_STANDARD_LIBRARIES = YES;
				BUNDLE_LOADER = "$(TEST_HOST)";
				CODE_SIGN_STYLE = Automatic;
				CURRENT_PROJECT_VERSION = 1;
				GENERATE_INFOPLIST_FILE = YES;
				IPHONEOS_DEPLOYMENT_TARGET = 16.0;
				MARKETING_VERSION = 1.0;
				PRODUCT_BUNDLE_IDENTIFIER = "com..swift101.Kelimeyi-BulTests";
				PRODUCT_NAME = "$(TARGET_NAME)";
				SWIFT_EMIT_LOC_STRINGS = NO;
				SWIFT_VERSION = 5.0;
				TARGETED_DEVICE_FAMILY = "1,2";
				TEST_HOST = "$(BUILT_PRODUCTS_DIR)/Kelimeyi Bul.app/$(BUNDLE_EXECUTABLE_FOLDER_PATH)/Kelimeyi Bul";
			};
			name = Release;
		};
		58FE9A992D537B8A003D8EBA /* Debug */ = {
			isa = XCBuildConfiguration;
			buildSettings = {
				ALWAYS_EMBED_SWIFT_STANDARD_LIBRARIES = YES;
				CODE_SIGN_STYLE = Automatic;
				CURRENT_PROJECT_VERSION = 1;
				GENERATE_INFOPLIST_FILE = YES;
				MARKETING_VERSION = 1.0;
				PRODUCT_BUNDLE_IDENTIFIER = "com..swift101.Kelimeyi-BulUITests";
				PRODUCT_NAME = "$(TARGET_NAME)";
				SWIFT_EMIT_LOC_STRINGS = NO;
				SWIFT_VERSION = 5.0;
				TARGETED_DEVICE_FAMILY = "1,2";
				TEST_TARGET_NAME = "Kelimeyi Bul";
			};
			name = Debug;
		};
		58FE9A9A2D537B8A003D8EBA /* Release */ = {
			isa = XCBuildConfiguration;
			buildSettings = {
				ALWAYS_EMBED_SWIFT_STANDARD_LIBRARIES = YES;
				CODE_SIGN_STYLE = Automatic;
				CURRENT_PROJECT_VERSION = 1;
				GENERATE_INFOPLIST_FILE = YES;
				MARKETING_VERSION = 1.0;
				PRODUCT_BUNDLE_IDENTIFIER = "com..swift101.Kelimeyi-BulUITests";
				PRODUCT_NAME = "$(TARGET_NAME)";
				SWIFT_EMIT_LOC_STRINGS = NO;
				SWIFT_VERSION = 5.0;
				TARGETED_DEVICE_FAMILY = "1,2";
				TEST_TARGET_NAME = "Kelimeyi Bul";
			};
			name = Release;
		};
/* End XCBuildConfiguration section */

/* Begin XCConfigurationList section */
		58FE9A692D537B8A003D8EBA /* Build configuration list for PBXProject "Kelimeyi Bul" */ = {
			isa = XCConfigurationList;
			buildConfigurations = (
				58FE9A902D537B8A003D8EBA /* Debug */,
				58FE9A912D537B8A003D8EBA /* Release */,
			);
			defaultConfigurationIsVisible = 0;
			defaultConfigurationName = Release;
		};
		58FE9A922D537B8A003D8EBA /* Build configuration list for PBXNativeTarget "Kelimeyi Bul" */ = {
			isa = XCConfigurationList;
			buildConfigurations = (
				58FE9A932D537B8A003D8EBA /* Debug */,
				58FE9A942D537B8A003D8EBA /* Release */,
			);
			defaultConfigurationIsVisible = 0;
			defaultConfigurationName = Release;
		};
		58FE9A952D537B8A003D8EBA /* Build configuration list for PBXNativeTarget "Kelimeyi BulTests" */ = {
			isa = XCConfigurationList;
			buildConfigurations = (
				58FE9A962D537B8A003D8EBA /* Debug */,
				58FE9A972D537B8A003D8EBA /* Release */,
			);
			defaultConfigurationIsVisible = 0;
			defaultConfigurationName = Release;
		};
		58FE9A982D537B8A003D8EBA /* Build configuration list for PBXNativeTarget "Kelimeyi BulUITests" */ = {
			isa = XCConfigurationList;
			buildConfigurations = (
				58FE9A992D537B8A003D8EBA /* Debug */,
				58FE9A9A2D537B8A003D8EBA /* Release */,
			);
			defaultConfigurationIsVisible = 0;
			defaultConfigurationName = Release;
		};
/* End XCConfigurationList section */
	};
	rootObject = 58FE9A662D537B8A003D8EBA /* Project object */;
}
